// !$*UTF8*$!
{
	archiveVersion = 1;
	classes = {
	};
	objectVersion = 48;
	objects = {

/* Begin PBXBuildFile section */
		E23AAFDD235B397C00D86D06 /* AppDelegate.swift in Sources */ = {isa = PBXBuildFile; fileRef = E23AAFDC235B397C00D86D06 /* AppDelegate.swift */; };
		E23AAFDF235B397D00D86D06 /* ViewController.swift in Sources */ = {isa = PBXBuildFile; fileRef = E23AAFDE235B397D00D86D06 /* ViewController.swift */; };
		E23AAFE2235B397D00D86D06 /* Main.storyboard in Resources */ = {isa = PBXBuildFile; fileRef = E23AAFE0235B397D00D86D06 /* Main.storyboard */; };
		E23AAFE4235B397D00D86D06 /* Assets.xcassets in Resources */ = {isa = PBXBuildFile; fileRef = E23AAFE3235B397D00D86D06 /* Assets.xcassets */; };
		E23AAFE7235B397D00D86D06 /* LaunchScreen.storyboard in Resources */ = {isa = PBXBuildFile; fileRef = E23AAFE5235B397D00D86D06 /* LaunchScreen.storyboard */; };
		E23AAFF0235B550800D86D06 /* AnimationHelper.swift in Sources */ = {isa = PBXBuildFile; fileRef = E23AAFEF235B550800D86D06 /* AnimationHelper.swift */; };
		E23AAFF2235B556600D86D06 /* Gif.swift in Sources */ = {isa = PBXBuildFile; fileRef = E23AAFF1235B556600D86D06 /* Gif.swift */; };
		E23AAFF4235B557D00D86D06 /* GlobalVariables.swift in Sources */ = {isa = PBXBuildFile; fileRef = E23AAFF3235B557D00D86D06 /* GlobalVariables.swift */; };
		E23AAFFE235B6ED000D86D06 /* Page.storyboard in Resources */ = {isa = PBXBuildFile; fileRef = E23AAFFD235B6ED000D86D06 /* Page.storyboard */; };
		E23AB000235B6EF400D86D06 /* PageController.swift in Sources */ = {isa = PBXBuildFile; fileRef = E23AAFFF235B6EF400D86D06 /* PageController.swift */; };
		E23AB002235B8CFE00D86D06 /* SpaceController.swift in Sources */ = {isa = PBXBuildFile; fileRef = E23AB001235B8CFE00D86D06 /* SpaceController.swift */; };
		E23AB004235B975F00D86D06 /* Contents.swift in Sources */ = {isa = PBXBuildFile; fileRef = E23AB003235B975F00D86D06 /* Contents.swift */; };
		E23AB011235B988400D86D06 /* Jellee-Roman.ttf in Resources */ = {isa = PBXBuildFile; fileRef = E23AB00E235B985C00D86D06 /* Jellee-Roman.ttf */; };
		E23AB012235B988400D86D06 /* Rubik-Black.ttf in Resources */ = {isa = PBXBuildFile; fileRef = E23AB008235B985B00D86D06 /* Rubik-Black.ttf */; };
		E23AB013235B988400D86D06 /* Rubik-BlackItalic.ttf in Resources */ = {isa = PBXBuildFile; fileRef = E23AB010235B985D00D86D06 /* Rubik-BlackItalic.ttf */; };
		E23AB014235B988400D86D06 /* Rubik-Bold.ttf in Resources */ = {isa = PBXBuildFile; fileRef = E23AB00F235B985C00D86D06 /* Rubik-Bold.ttf */; };
		E23AB015235B988400D86D06 /* Rubik-BoldItalic.ttf in Resources */ = {isa = PBXBuildFile; fileRef = E23AB00C235B985C00D86D06 /* Rubik-BoldItalic.ttf */; };
		E23AB016235B988400D86D06 /* Rubik-Italic.ttf in Resources */ = {isa = PBXBuildFile; fileRef = E23AB00B235B985C00D86D06 /* Rubik-Italic.ttf */; };
		E23AB017235B988400D86D06 /* Rubik-Light.ttf in Resources */ = {isa = PBXBuildFile; fileRef = E23AB00A235B985B00D86D06 /* Rubik-Light.ttf */; };
		E23AB018235B988400D86D06 /* Rubik-LightItalic.ttf in Resources */ = {isa = PBXBuildFile; fileRef = E23AB007235B985B00D86D06 /* Rubik-LightItalic.ttf */; };
		E23AB019235B988400D86D06 /* Rubik-Medium.ttf in Resources */ = {isa = PBXBuildFile; fileRef = E23AB00D235B985C00D86D06 /* Rubik-Medium.ttf */; };
		E23AB01A235B988400D86D06 /* Rubik-MediumItalic.ttf in Resources */ = {isa = PBXBuildFile; fileRef = E23AB006235B985A00D86D06 /* Rubik-MediumItalic.ttf */; };
		E23AB01B235B988400D86D06 /* Rubik-Regular.ttf in Resources */ = {isa = PBXBuildFile; fileRef = E23AB009235B985B00D86D06 /* Rubik-Regular.ttf */; };
		E2B0EEC0235C77B3006290EF /* Page0BController.swift in Sources */ = {isa = PBXBuildFile; fileRef = E2B0EEBF235C77B3006290EF /* Page0BController.swift */; };
		E2D55A21235C43B300155AEA /* Page0Controller.swift in Sources */ = {isa = PBXBuildFile; fileRef = E2D55A20235C43B300155AEA /* Page0Controller.swift */; };
		E2D55A23235C43C200155AEA /* Pages.storyboard in Resources */ = {isa = PBXBuildFile; fileRef = E2D55A22235C43C200155AEA /* Pages.storyboard */; };
		E2D55A25235C499D00155AEA /* Page1Controller.swift in Sources */ = {isa = PBXBuildFile; fileRef = E2D55A24235C499D00155AEA /* Page1Controller.swift */; };
		E2D55A27235C49BF00155AEA /* Page2Controller.swift in Sources */ = {isa = PBXBuildFile; fileRef = E2D55A26235C49BF00155AEA /* Page2Controller.swift */; };
		E2D55A29235C4A1000155AEA /* Page3Controller.swift in Sources */ = {isa = PBXBuildFile; fileRef = E2D55A28235C4A1000155AEA /* Page3Controller.swift */; };
		E2D55A2C235C4E9200155AEA /* Transneptunian.storyboard in Resources */ = {isa = PBXBuildFile; fileRef = E2D55A2B235C4E9200155AEA /* Transneptunian.storyboard */; };
		E2D55A2E235C4EB600155AEA /* TransNeptunianController.swift in Sources */ = {isa = PBXBuildFile; fileRef = E2D55A2D235C4EB600155AEA /* TransNeptunianController.swift */; };
		E2D55A30235C4EFE00155AEA /* PlutoController.swift in Sources */ = {isa = PBXBuildFile; fileRef = E2D55A2F235C4EFE00155AEA /* PlutoController.swift */; };
		E2D55A32235C4F0B00155AEA /* RocceController.swift in Sources */ = {isa = PBXBuildFile; fileRef = E2D55A31235C4F0B00155AEA /* RocceController.swift */; };
		E2D55A34235C4F1E00155AEA /* PianetaXController.swift in Sources */ = {isa = PBXBuildFile; fileRef = E2D55A33235C4F1E00155AEA /* PianetaXController.swift */; };
		E2D55A39235C51A200155AEA /* Buttons.storyboard in Resources */ = {isa = PBXBuildFile; fileRef = E2D55A38235C51A200155AEA /* Buttons.storyboard */; };
		E2D55A3B235C51B200155AEA /* ServiceController.swift in Sources */ = {isa = PBXBuildFile; fileRef = E2D55A3A235C51B200155AEA /* ServiceController.swift */; };
		E2D55A3D235C51CA00155AEA /* DetailsController.swift in Sources */ = {isa = PBXBuildFile; fileRef = E2D55A3C235C51CA00155AEA /* DetailsController.swift */; };
/* End PBXBuildFile section */

/* Begin PBXFileReference section */
		E23AAFD9235B397C00D86D06 /* Spaceway.app */ = {isa = PBXFileReference; explicitFileType = wrapper.application; includeInIndex = 0; path = Spaceway.app; sourceTree = BUILT_PRODUCTS_DIR; };
		E23AAFDC235B397C00D86D06 /* AppDelegate.swift */ = {isa = PBXFileReference; lastKnownFileType = sourcecode.swift; path = AppDelegate.swift; sourceTree = "<group>"; };
		E23AAFDE235B397D00D86D06 /* ViewController.swift */ = {isa = PBXFileReference; lastKnownFileType = sourcecode.swift; path = ViewController.swift; sourceTree = "<group>"; };
		E23AAFE1235B397D00D86D06 /* Base */ = {isa = PBXFileReference; lastKnownFileType = file.storyboard; name = Base; path = Base.lproj/Main.storyboard; sourceTree = "<group>"; };
		E23AAFE3235B397D00D86D06 /* Assets.xcassets */ = {isa = PBXFileReference; lastKnownFileType = folder.assetcatalog; path = Assets.xcassets; sourceTree = "<group>"; };
		E23AAFE6235B397D00D86D06 /* Base */ = {isa = PBXFileReference; lastKnownFileType = file.storyboard; name = Base; path = Base.lproj/LaunchScreen.storyboard; sourceTree = "<group>"; };
		E23AAFE8235B397D00D86D06 /* Info.plist */ = {isa = PBXFileReference; lastKnownFileType = text.plist.xml; path = Info.plist; sourceTree = "<group>"; };
		E23AAFEF235B550800D86D06 /* AnimationHelper.swift */ = {isa = PBXFileReference; fileEncoding = 4; lastKnownFileType = sourcecode.swift; path = AnimationHelper.swift; sourceTree = "<group>"; };
		E23AAFF1235B556600D86D06 /* Gif.swift */ = {isa = PBXFileReference; fileEncoding = 4; lastKnownFileType = sourcecode.swift; path = Gif.swift; sourceTree = "<group>"; };
		E23AAFF3235B557D00D86D06 /* GlobalVariables.swift */ = {isa = PBXFileReference; fileEncoding = 4; lastKnownFileType = sourcecode.swift; path = GlobalVariables.swift; sourceTree = "<group>"; };
		E23AAFFD235B6ED000D86D06 /* Page.storyboard */ = {isa = PBXFileReference; lastKnownFileType = file.storyboard; path = Page.storyboard; sourceTree = "<group>"; };
		E23AAFFF235B6EF400D86D06 /* PageController.swift */ = {isa = PBXFileReference; lastKnownFileType = sourcecode.swift; path = PageController.swift; sourceTree = "<group>"; };
		E23AB001235B8CFE00D86D06 /* SpaceController.swift */ = {isa = PBXFileReference; lastKnownFileType = sourcecode.swift; path = SpaceController.swift; sourceTree = "<group>"; };
		E23AB003235B975F00D86D06 /* Contents.swift */ = {isa = PBXFileReference; lastKnownFileType = sourcecode.swift; path = Contents.swift; sourceTree = "<group>"; };
		E23AB006235B985A00D86D06 /* Rubik-MediumItalic.ttf */ = {isa = PBXFileReference; lastKnownFileType = file; path = "Rubik-MediumItalic.ttf"; sourceTree = "<group>"; };
		E23AB007235B985B00D86D06 /* Rubik-LightItalic.ttf */ = {isa = PBXFileReference; lastKnownFileType = file; path = "Rubik-LightItalic.ttf"; sourceTree = "<group>"; };
		E23AB008235B985B00D86D06 /* Rubik-Black.ttf */ = {isa = PBXFileReference; lastKnownFileType = file; path = "Rubik-Black.ttf"; sourceTree = "<group>"; };
		E23AB009235B985B00D86D06 /* Rubik-Regular.ttf */ = {isa = PBXFileReference; lastKnownFileType = file; path = "Rubik-Regular.ttf"; sourceTree = "<group>"; };
		E23AB00A235B985B00D86D06 /* Rubik-Light.ttf */ = {isa = PBXFileReference; lastKnownFileType = file; path = "Rubik-Light.ttf"; sourceTree = "<group>"; };
		E23AB00B235B985C00D86D06 /* Rubik-Italic.ttf */ = {isa = PBXFileReference; lastKnownFileType = file; path = "Rubik-Italic.ttf"; sourceTree = "<group>"; };
		E23AB00C235B985C00D86D06 /* Rubik-BoldItalic.ttf */ = {isa = PBXFileReference; lastKnownFileType = file; path = "Rubik-BoldItalic.ttf"; sourceTree = "<group>"; };
		E23AB00D235B985C00D86D06 /* Rubik-Medium.ttf */ = {isa = PBXFileReference; lastKnownFileType = file; path = "Rubik-Medium.ttf"; sourceTree = "<group>"; };
		E23AB00E235B985C00D86D06 /* Jellee-Roman.ttf */ = {isa = PBXFileReference; lastKnownFileType = file; path = "Jellee-Roman.ttf"; sourceTree = "<group>"; };
		E23AB00F235B985C00D86D06 /* Rubik-Bold.ttf */ = {isa = PBXFileReference; lastKnownFileType = file; path = "Rubik-Bold.ttf"; sourceTree = "<group>"; };
		E23AB010235B985D00D86D06 /* Rubik-BlackItalic.ttf */ = {isa = PBXFileReference; lastKnownFileType = file; path = "Rubik-BlackItalic.ttf"; sourceTree = "<group>"; };
		E2B0EEBF235C77B3006290EF /* Page0BController.swift */ = {isa = PBXFileReference; lastKnownFileType = sourcecode.swift; path = Page0BController.swift; sourceTree = "<group>"; };
		E2D55A20235C43B300155AEA /* Page0Controller.swift */ = {isa = PBXFileReference; lastKnownFileType = sourcecode.swift; path = Page0Controller.swift; sourceTree = "<group>"; };
		E2D55A22235C43C200155AEA /* Pages.storyboard */ = {isa = PBXFileReference; lastKnownFileType = file.storyboard; path = Pages.storyboard; sourceTree = "<group>"; };
		E2D55A24235C499D00155AEA /* Page1Controller.swift */ = {isa = PBXFileReference; lastKnownFileType = sourcecode.swift; path = Page1Controller.swift; sourceTree = "<group>"; };
		E2D55A26235C49BF00155AEA /* Page2Controller.swift */ = {isa = PBXFileReference; lastKnownFileType = sourcecode.swift; path = Page2Controller.swift; sourceTree = "<group>"; };
		E2D55A28235C4A1000155AEA /* Page3Controller.swift */ = {isa = PBXFileReference; lastKnownFileType = sourcecode.swift; path = Page3Controller.swift; sourceTree = "<group>"; };
		E2D55A2B235C4E9200155AEA /* Transneptunian.storyboard */ = {isa = PBXFileReference; lastKnownFileType = file.storyboard; path = Transneptunian.storyboard; sourceTree = "<group>"; };
		E2D55A2D235C4EB600155AEA /* TransNeptunianController.swift */ = {isa = PBXFileReference; lastKnownFileType = sourcecode.swift; path = TransNeptunianController.swift; sourceTree = "<group>"; };
		E2D55A2F235C4EFE00155AEA /* PlutoController.swift */ = {isa = PBXFileReference; lastKnownFileType = sourcecode.swift; path = PlutoController.swift; sourceTree = "<group>"; };
		E2D55A31235C4F0B00155AEA /* RocceController.swift */ = {isa = PBXFileReference; lastKnownFileType = sourcecode.swift; path = RocceController.swift; sourceTree = "<group>"; };
		E2D55A33235C4F1E00155AEA /* PianetaXController.swift */ = {isa = PBXFileReference; lastKnownFileType = sourcecode.swift; path = PianetaXController.swift; sourceTree = "<group>"; };
		E2D55A38235C51A200155AEA /* Buttons.storyboard */ = {isa = PBXFileReference; lastKnownFileType = file.storyboard; path = Buttons.storyboard; sourceTree = "<group>"; };
		E2D55A3A235C51B200155AEA /* ServiceController.swift */ = {isa = PBXFileReference; lastKnownFileType = sourcecode.swift; path = ServiceController.swift; sourceTree = "<group>"; };
		E2D55A3C235C51CA00155AEA /* DetailsController.swift */ = {isa = PBXFileReference; lastKnownFileType = sourcecode.swift; path = DetailsController.swift; sourceTree = "<group>"; };
/* End PBXFileReference section */

/* Begin PBXFrameworksBuildPhase section */
		E23AAFD6235B397C00D86D06 /* Frameworks */ = {
			isa = PBXFrameworksBuildPhase;
			buildActionMask = 2147483647;
			files = (
			);
			runOnlyForDeploymentPostprocessing = 0;
		};
/* End PBXFrameworksBuildPhase section */

/* Begin PBXGroup section */
		E23AAFD0235B397C00D86D06 = {
			isa = PBXGroup;
			children = (
				E23AAFDB235B397C00D86D06 /* Spaceway */,
				E23AAFDA235B397C00D86D06 /* Products */,
			);
			sourceTree = "<group>";
		};
		E23AAFDA235B397C00D86D06 /* Products */ = {
			isa = PBXGroup;
			children = (
				E23AAFD9235B397C00D86D06 /* Spaceway.app */,
			);
			name = Products;
			sourceTree = "<group>";
		};
		E23AAFDB235B397C00D86D06 /* Spaceway */ = {
			isa = PBXGroup;
			children = (
				E2D55A35235C518000155AEA /* tastisotto */,
				E2D55A2A235C4E3100155AEA /* transneptunian */,
				E2D55A1F235C438700155AEA /* Pages */,
				E23AAFDC235B397C00D86D06 /* AppDelegate.swift */,
				E23AAFDE235B397D00D86D06 /* ViewController.swift */,
				E23AAFFF235B6EF400D86D06 /* PageController.swift */,
				E23AB001235B8CFE00D86D06 /* SpaceController.swift */,
				E23AAFFD235B6ED000D86D06 /* Page.storyboard */,
				E23AAFE0235B397D00D86D06 /* Main.storyboard */,
				E23AAFE3235B397D00D86D06 /* Assets.xcassets */,
				E23AAFE5235B397D00D86D06 /* LaunchScreen.storyboard */,
				E23AAFE8235B397D00D86D06 /* Info.plist */,
				E23AAFEE235B54CF00D86D06 /* Supporting files */,
				E23AB005235B985000D86D06 /* Fonts */,
			);
			path = Spaceway;
			sourceTree = "<group>";
		};
		E23AAFEE235B54CF00D86D06 /* Supporting files */ = {
			isa = PBXGroup;
			children = (
				E23AAFEF235B550800D86D06 /* AnimationHelper.swift */,
				E23AAFF1235B556600D86D06 /* Gif.swift */,
				E23AAFF3235B557D00D86D06 /* GlobalVariables.swift */,
				E23AB003235B975F00D86D06 /* Contents.swift */,
			);
			path = "Supporting files";
			sourceTree = "<group>";
		};
		E23AB005235B985000D86D06 /* Fonts */ = {
			isa = PBXGroup;
			children = (
				E23AB00E235B985C00D86D06 /* Jellee-Roman.ttf */,
				E23AB008235B985B00D86D06 /* Rubik-Black.ttf */,
				E23AB010235B985D00D86D06 /* Rubik-BlackItalic.ttf */,
				E23AB00F235B985C00D86D06 /* Rubik-Bold.ttf */,
				E23AB00C235B985C00D86D06 /* Rubik-BoldItalic.ttf */,
				E23AB00B235B985C00D86D06 /* Rubik-Italic.ttf */,
				E23AB00A235B985B00D86D06 /* Rubik-Light.ttf */,
				E23AB007235B985B00D86D06 /* Rubik-LightItalic.ttf */,
				E23AB00D235B985C00D86D06 /* Rubik-Medium.ttf */,
				E23AB006235B985A00D86D06 /* Rubik-MediumItalic.ttf */,
				E23AB009235B985B00D86D06 /* Rubik-Regular.ttf */,
			);
			path = Fonts;
			sourceTree = "<group>";
		};
		E2D55A1F235C438700155AEA /* Pages */ = {
			isa = PBXGroup;
			children = (
				E2D55A20235C43B300155AEA /* Page0Controller.swift */,
				E2B0EEBF235C77B3006290EF /* Page0BController.swift */,
				E2D55A24235C499D00155AEA /* Page1Controller.swift */,
				E2D55A26235C49BF00155AEA /* Page2Controller.swift */,
				E2D55A28235C4A1000155AEA /* Page3Controller.swift */,
				E2D55A22235C43C200155AEA /* Pages.storyboard */,
			);
			path = Pages;
			sourceTree = "<group>";
		};
		E2D55A2A235C4E3100155AEA /* transneptunian */ = {
			isa = PBXGroup;
			children = (
				E2D55A2B235C4E9200155AEA /* Transneptunian.storyboard */,
				E2D55A2D235C4EB600155AEA /* TransNeptunianController.swift */,
				E2D55A2F235C4EFE00155AEA /* PlutoController.swift */,
				E2D55A31235C4F0B00155AEA /* RocceController.swift */,
				E2D55A33235C4F1E00155AEA /* PianetaXController.swift */,
			);
			path = transneptunian;
			sourceTree = "<group>";
		};
		E2D55A35235C518000155AEA /* tastisotto */ = {
			isa = PBXGroup;
			children = (
				E2D55A38235C51A200155AEA /* Buttons.storyboard */,
				E2D55A3A235C51B200155AEA /* ServiceController.swift */,
				E2D55A3C235C51CA00155AEA /* DetailsController.swift */,
			);
			path = tastisotto;
			sourceTree = "<group>";
		};
/* End PBXGroup section */

/* Begin PBXNativeTarget section */
		E23AAFD8235B397C00D86D06 /* Spaceway */ = {
			isa = PBXNativeTarget;
			buildConfigurationList = E23AAFEB235B397D00D86D06 /* Build configuration list for PBXNativeTarget "Spaceway" */;
			buildPhases = (
				E23AAFD5235B397C00D86D06 /* Sources */,
				E23AAFD6235B397C00D86D06 /* Frameworks */,
				E23AAFD7235B397C00D86D06 /* Resources */,
			);
			buildRules = (
			);
			dependencies = (
			);
			name = Spaceway;
			productName = Spaceway;
			productReference = E23AAFD9235B397C00D86D06 /* Spaceway.app */;
			productType = "com.apple.product-type.application";
		};
/* End PBXNativeTarget section */

/* Begin PBXProject section */
		E23AAFD1235B397C00D86D06 /* Project object */ = {
			isa = PBXProject;
			attributes = {
				LastSwiftUpdateCheck = 0920;
				LastUpgradeCheck = 0920;
				ORGANIZATIONNAME = "Matteo Melloni";
				TargetAttributes = {
					E23AAFD8235B397C00D86D06 = {
						CreatedOnToolsVersion = 9.2;
						ProvisioningStyle = Automatic;
					};
				};
			};
			buildConfigurationList = E23AAFD4235B397C00D86D06 /* Build configuration list for PBXProject "Spaceway" */;
			compatibilityVersion = "Xcode 8.0";
			developmentRegion = en;
			hasScannedForEncodings = 0;
			knownRegions = (
				en,
				Base,
			);
			mainGroup = E23AAFD0235B397C00D86D06;
			productRefGroup = E23AAFDA235B397C00D86D06 /* Products */;
			projectDirPath = "";
			projectRoot = "";
			targets = (
				E23AAFD8235B397C00D86D06 /* Spaceway */,
			);
		};
/* End PBXProject section */

/* Begin PBXResourcesBuildPhase section */
		E23AAFD7235B397C00D86D06 /* Resources */ = {
			isa = PBXResourcesBuildPhase;
			buildActionMask = 2147483647;
			files = (
				E23AB011235B988400D86D06 /* Jellee-Roman.ttf in Resources */,
				E23AB012235B988400D86D06 /* Rubik-Black.ttf in Resources */,
				E23AB013235B988400D86D06 /* Rubik-BlackItalic.ttf in Resources */,
				E23AB014235B988400D86D06 /* Rubik-Bold.ttf in Resources */,
				E2D55A2C235C4E9200155AEA /* Transneptunian.storyboard in Resources */,
				E23AB015235B988400D86D06 /* Rubik-BoldItalic.ttf in Resources */,
				E2D55A39235C51A200155AEA /* Buttons.storyboard in Resources */,
				E23AB016235B988400D86D06 /* Rubik-Italic.ttf in Resources */,
				E23AB017235B988400D86D06 /* Rubik-Light.ttf in Resources */,
				E2D55A23235C43C200155AEA /* Pages.storyboard in Resources */,
				E23AB018235B988400D86D06 /* Rubik-LightItalic.ttf in Resources */,
				E23AB019235B988400D86D06 /* Rubik-Medium.ttf in Resources */,
				E23AB01A235B988400D86D06 /* Rubik-MediumItalic.ttf in Resources */,
				E23AB01B235B988400D86D06 /* Rubik-Regular.ttf in Resources */,
				E23AAFE7235B397D00D86D06 /* LaunchScreen.storyboard in Resources */,
				E23AAFE4235B397D00D86D06 /* Assets.xcassets in Resources */,
				E23AAFE2235B397D00D86D06 /* Main.storyboard in Resources */,
				E23AAFFE235B6ED000D86D06 /* Page.storyboard in Resources */,
			);
			runOnlyForDeploymentPostprocessing = 0;
		};
/* End PBXResourcesBuildPhase section */

/* Begin PBXSourcesBuildPhase section */
		E23AAFD5235B397C00D86D06 /* Sources */ = {
			isa = PBXSourcesBuildPhase;
			buildActionMask = 2147483647;
			files = (
				E2D55A29235C4A1000155AEA /* Page3Controller.swift in Sources */,
				E2D55A34235C4F1E00155AEA /* PianetaXController.swift in Sources */,
				E2D55A2E235C4EB600155AEA /* TransNeptunianController.swift in Sources */,
				E2D55A30235C4EFE00155AEA /* PlutoController.swift in Sources */,
				E23AAFDF235B397D00D86D06 /* ViewController.swift in Sources */,
				E2D55A21235C43B300155AEA /* Page0Controller.swift in Sources */,
				E23AAFDD235B397C00D86D06 /* AppDelegate.swift in Sources */,
				E23AAFF2235B556600D86D06 /* Gif.swift in Sources */,
				E23AB000235B6EF400D86D06 /* PageController.swift in Sources */,
				E23AAFF0235B550800D86D06 /* AnimationHelper.swift in Sources */,
				E2D55A3D235C51CA00155AEA /* DetailsController.swift in Sources */,
				E2D55A25235C499D00155AEA /* Page1Controller.swift in Sources */,
				E23AAFF4235B557D00D86D06 /* GlobalVariables.swift in Sources */,
				E2D55A3B235C51B200155AEA /* ServiceController.swift in Sources */,
				E2B0EEC0235C77B3006290EF /* Page0BController.swift in Sources */,
				E23AB002235B8CFE00D86D06 /* SpaceController.swift in Sources */,
				E23AB004235B975F00D86D06 /* Contents.swift in Sources */,
				E2D55A27235C49BF00155AEA /* Page2Controller.swift in Sources */,
				E2D55A32235C4F0B00155AEA /* RocceController.swift in Sources */,
			);
			runOnlyForDeploymentPostprocessing = 0;
		};
/* End PBXSourcesBuildPhase section */

/* Begin PBXVariantGroup section */
		E23AAFE0235B397D00D86D06 /* Main.storyboard */ = {
			isa = PBXVariantGroup;
			children = (
				E23AAFE1235B397D00D86D06 /* Base */,
			);
			name = Main.storyboard;
			sourceTree = "<group>";
		};
		E23AAFE5235B397D00D86D06 /* LaunchScreen.storyboard */ = {
			isa = PBXVariantGroup;
			children = (
				E23AAFE6235B397D00D86D06 /* Base */,
			);
			name = LaunchScreen.storyboard;
			sourceTree = "<group>";
		};
/* End PBXVariantGroup section */

/* Begin XCBuildConfiguration section */
		E23AAFE9235B397D00D86D06 /* Debug */ = {
			isa = XCBuildConfiguration;
			buildSettings = {
				ALWAYS_SEARCH_USER_PATHS = NO;
				CLANG_ANALYZER_NONNULL = YES;
				CLANG_ANALYZER_NUMBER_OBJECT_CONVERSION = YES_AGGRESSIVE;
				CLANG_CXX_LANGUAGE_STANDARD = "gnu++14";
				CLANG_CXX_LIBRARY = "libc++";
				CLANG_ENABLE_MODULES = YES;
				CLANG_ENABLE_OBJC_ARC = YES;
				CLANG_WARN_BLOCK_CAPTURE_AUTORELEASING = YES;
				CLANG_WARN_BOOL_CONVERSION = YES;
				CLANG_WARN_COMMA = YES;
				CLANG_WARN_CONSTANT_CONVERSION = YES;
				CLANG_WARN_DIRECT_OBJC_ISA_USAGE = YES_ERROR;
				CLANG_WARN_DOCUMENTATION_COMMENTS = YES;
				CLANG_WARN_EMPTY_BODY = YES;
				CLANG_WARN_ENUM_CONVERSION = YES;
				CLANG_WARN_INFINITE_RECURSION = YES;
				CLANG_WARN_INT_CONVERSION = YES;
				CLANG_WARN_NON_LITERAL_NULL_CONVERSION = YES;
				CLANG_WARN_OBJC_LITERAL_CONVERSION = YES;
				CLANG_WARN_OBJC_ROOT_CLASS = YES_ERROR;
				CLANG_WARN_RANGE_LOOP_ANALYSIS = YES;
				CLANG_WARN_STRICT_PROTOTYPES = YES;
				CLANG_WARN_SUSPICIOUS_MOVE = YES;
				CLANG_WARN_UNGUARDED_AVAILABILITY = YES_AGGRESSIVE;
				CLANG_WARN_UNREACHABLE_CODE = YES;
				CLANG_WARN__DUPLICATE_METHOD_MATCH = YES;
				CODE_SIGN_IDENTITY = "iPhone Developer";
				COPY_PHASE_STRIP = NO;
				DEBUG_INFORMATION_FORMAT = dwarf;
				ENABLE_STRICT_OBJC_MSGSEND = YES;
				ENABLE_TESTABILITY = YES;
				GCC_C_LANGUAGE_STANDARD = gnu11;
				GCC_DYNAMIC_NO_PIC = NO;
				GCC_NO_COMMON_BLOCKS = YES;
				GCC_OPTIMIZATION_LEVEL = 0;
				GCC_PREPROCESSOR_DEFINITIONS = (
					"DEBUG=1",
					"$(inherited)",
				);
				GCC_WARN_64_TO_32_BIT_CONVERSION = YES;
				GCC_WARN_ABOUT_RETURN_TYPE = YES_ERROR;
				GCC_WARN_UNDECLARED_SELECTOR = YES;
				GCC_WARN_UNINITIALIZED_AUTOS = YES_AGGRESSIVE;
				GCC_WARN_UNUSED_FUNCTION = YES;
				GCC_WARN_UNUSED_VARIABLE = YES;
				IPHONEOS_DEPLOYMENT_TARGET = 11.2;
				MTL_ENABLE_DEBUG_INFO = YES;
				ONLY_ACTIVE_ARCH = YES;
				SDKROOT = iphoneos;
				SWIFT_ACTIVE_COMPILATION_CONDITIONS = DEBUG;
				SWIFT_OPTIMIZATION_LEVEL = "-Onone";
			};
			name = Debug;
		};
		E23AAFEA235B397D00D86D06 /* Release */ = {
			isa = XCBuildConfiguration;
			buildSettings = {
				ALWAYS_SEARCH_USER_PATHS = NO;
				CLANG_ANALYZER_NONNULL = YES;
				CLANG_ANALYZER_NUMBER_OBJECT_CONVERSION = YES_AGGRESSIVE;
				CLANG_CXX_LANGUAGE_STANDARD = "gnu++14";
				CLANG_CXX_LIBRARY = "libc++";
				CLANG_ENABLE_MODULES = YES;
				CLANG_ENABLE_OBJC_ARC = YES;
				CLANG_WARN_BLOCK_CAPTURE_AUTORELEASING = YES;
				CLANG_WARN_BOOL_CONVERSION = YES;
				CLANG_WARN_COMMA = YES;
				CLANG_WARN_CONSTANT_CONVERSION = YES;
				CLANG_WARN_DIRECT_OBJC_ISA_USAGE = YES_ERROR;
				CLANG_WARN_DOCUMENTATION_COMMENTS = YES;
				CLANG_WARN_EMPTY_BODY = YES;
				CLANG_WARN_ENUM_CONVERSION = YES;
				CLANG_WARN_INFINITE_RECURSION = YES;
				CLANG_WARN_INT_CONVERSION = YES;
				CLANG_WARN_NON_LITERAL_NULL_CONVERSION = YES;
				CLANG_WARN_OBJC_LITERAL_CONVERSION = YES;
				CLANG_WARN_OBJC_ROOT_CLASS = YES_ERROR;
				CLANG_WARN_RANGE_LOOP_ANALYSIS = YES;
				CLANG_WARN_STRICT_PROTOTYPES = YES;
				CLANG_WARN_SUSPICIOUS_MOVE = YES;
				CLANG_WARN_UNGUARDED_AVAILABILITY = YES_AGGRESSIVE;
				CLANG_WARN_UNREACHABLE_CODE = YES;
				CLANG_WARN__DUPLICATE_METHOD_MATCH = YES;
				CODE_SIGN_IDENTITY = "iPhone Developer";
				COPY_PHASE_STRIP = NO;
				DEBUG_INFORMATION_FORMAT = "dwarf-with-dsym";
				ENABLE_NS_ASSERTIONS = NO;
				ENABLE_STRICT_OBJC_MSGSEND = YES;
				GCC_C_LANGUAGE_STANDARD = gnu11;
				GCC_NO_COMMON_BLOCKS = YES;
				GCC_WARN_64_TO_32_BIT_CONVERSION = YES;
				GCC_WARN_ABOUT_RETURN_TYPE = YES_ERROR;
				GCC_WARN_UNDECLARED_SELECTOR = YES;
				GCC_WARN_UNINITIALIZED_AUTOS = YES_AGGRESSIVE;
				GCC_WARN_UNUSED_FUNCTION = YES;
				GCC_WARN_UNUSED_VARIABLE = YES;
				IPHONEOS_DEPLOYMENT_TARGET = 11.2;
				MTL_ENABLE_DEBUG_INFO = NO;
				SDKROOT = iphoneos;
				SWIFT_OPTIMIZATION_LEVEL = "-Owholemodule";
				VALIDATE_PRODUCT = YES;
			};
			name = Release;
		};
		E23AAFEC235B397D00D86D06 /* Debug */ = {
			isa = XCBuildConfiguration;
			buildSettings = {
				ASSETCATALOG_COMPILER_APPICON_NAME = AppIcon;
				CODE_SIGN_STYLE = Automatic;
				DEVELOPMENT_TEAM = 6HLH2J6875;
				INFOPLIST_FILE = Spaceway/Info.plist;
				LD_RUNPATH_SEARCH_PATHS = "$(inherited) @executable_path/Frameworks";
				PRODUCT_BUNDLE_IDENTIFIER = com.Prova2.Spaceway;
				PRODUCT_NAME = "$(TARGET_NAME)";
				SWIFT_VERSION = 4.0;
				TARGETED_DEVICE_FAMILY = "1,2";
			};
			name = Debug;
		};
		E23AAFED235B397D00D86D06 /* Release */ = {
			isa = XCBuildConfiguration;
			buildSettings = {
				ASSETCATALOG_COMPILER_APPICON_NAME = AppIcon;
				CODE_SIGN_STYLE = Automatic;
				DEVELOPMENT_TEAM = 6HLH2J6875;
				INFOPLIST_FILE = Spaceway/Info.plist;
				LD_RUNPATH_SEARCH_PATHS = "$(inherited) @executable_path/Frameworks";
				PRODUCT_BUNDLE_IDENTIFIER = com.Prova2.Spaceway;
				PRODUCT_NAME = "$(TARGET_NAME)";
				SWIFT_VERSION = 4.0;
				TARGETED_DEVICE_FAMILY = "1,2";
			};
			name = Release;
		};
/* End XCBuildConfiguration section */

/* Begin XCConfigurationList section */
		E23AAFD4235B397C00D86D06 /* Build configuration list for PBXProject "Spaceway" */ = {
			isa = XCConfigurationList;
			buildConfigurations = (
				E23AAFE9235B397D00D86D06 /* Debug */,
				E23AAFEA235B397D00D86D06 /* Release */,
			);
			defaultConfigurationIsVisible = 0;
			defaultConfigurationName = Release;
		};
		E23AAFEB235B397D00D86D06 /* Build configuration list for PBXNativeTarget "Spaceway" */ = {
			isa = XCConfigurationList;
			buildConfigurations = (
				E23AAFEC235B397D00D86D06 /* Debug */,
				E23AAFED235B397D00D86D06 /* Release */,
			);
			defaultConfigurationIsVisible = 0;
			defaultConfigurationName = Release;
		};
/* End XCConfigurationList section */
	};
	rootObject = E23AAFD1235B397C00D86D06 /* Project object */;
}
